
Microsoft Visual Studio Solution File, Format Version 11.00
# Visual Studio 2010
Project("{FAE04EC0-301F-11D3-BF4B-00C04F79EFBC}") = "dnughh.SilverlightErfahrungen.Contracts", "dnughh.SilverlightErfahrungen.Contracts\dnughh.SilverlightErfahrungen.Contracts.csproj", "{34C27F0F-2724-47D6-AEC2-94A25FB7E51B}"
EndProject
Project("{FAE04EC0-301F-11D3-BF4B-00C04F79EFBC}") = "dnughh.SilverlightErfahrungen.Contracts.SL", "dnughh.SilverlightErfahrungen.Contracts.SL\dnughh.SilverlightErfahrungen.Contracts.SL.csproj", "{5A2955E8-3133-4D56-9031-B45C484CDA83}"
EndProject
Project("{FAE04EC0-301F-11D3-BF4B-00C04F79EFBC}") = "dnughh.SilverlightErfahrungen.SilverlightApp", "dnughh.SilverlightErfahrungen.SilverlightApp\dnughh.SilverlightErfahrungen.SilverlightApp.csproj", "{174562E5-B188-4745-B71E-AAA73915750D}"
EndProject
Project("{FAE04EC0-301F-11D3-BF4B-00C04F79EFBC}") = "dnughh.SilverlightErfahrungen.SilverlightApp.Web", "dnughh.SilverlightErfahrungen.SilverlightApp.Web\dnughh.SilverlightErfahrungen.SilverlightApp.Web.csproj", "{FC190F67-5311-480D-95C6-648D9AF4FED8}"
EndProject
Project("{FAE04EC0-301F-11D3-BF4B-00C04F79EFBC}") = "dnughh.SilverlightErfahrungen.Services", "dnughh.SilverlightErfahrungen.Services\dnughh.SilverlightErfahrungen.Services.csproj", "{4777A08C-6A81-472E-B73E-83A6A6D7B86A}"
EndProject
Project("{FAE04EC0-301F-11D3-BF4B-00C04F79EFBC}") = "dnughh.SilverlightErfahrungen.Proxies", "dnughh.SilverlightErfahrungen.Proxies\dnughh.SilverlightErfahrungen.Proxies.csproj", "{8170FAAD-9F07-4D4F-8B88-34C2466C63CC}"
EndProject
Project("{FAE04EC0-301F-11D3-BF4B-00C04F79EFBC}") = "dnughh.SilverlightErfahrungen.Proxies.SL", "dnughh.SilverlightErfahrungen.Proxies.SL\dnughh.SilverlightErfahrungen.Proxies.SL.csproj", "{F0AC11F5-1236-40FB-9F7E-0FE2FB1F94FF}"
EndProject
Project("{FAE04EC0-301F-11D3-BF4B-00C04F79EFBC}") = "dnughh.SilverlightErfahrungen.TestClient", "dnughh.SilverlightErfahrungen.TestClient\dnughh.SilverlightErfahrungen.TestClient.csproj", "{EC051FEF-5F0E-49A2-8E21-A8595D851286}"
	ProjectSection(ProjectDependencies) = postProject
		{FC190F67-5311-480D-95C6-648D9AF4FED8} = {FC190F67-5311-480D-95C6-648D9AF4FED8}
	EndProjectSection
EndProject
Global
	GlobalSection(SolutionConfigurationPlatforms) = preSolution
		Debug|Any CPU = Debug|Any CPU
		Debug|Mixed Platforms = Debug|Mixed Platforms
		Debug|x86 = Debug|x86
		Release|Any CPU = Release|Any CPU
		Release|Mixed Platforms = Release|Mixed Platforms
		Release|x86 = Release|x86
	EndGlobalSection
	GlobalSection(ProjectConfigurationPlatforms) = postSolution
		{34C27F0F-2724-47D6-AEC2-94A25FB7E51B}.Debug|Any CPU.ActiveCfg = Debug|Any CPU
		{34C27F0F-2724-47D6-AEC2-94A25FB7E51B}.Debug|Any CPU.Build.0 = Debug|Any CPU
		{34C27F0F-2724-47D6-AEC2-94A25FB7E51B}.Debug|Mixed Platforms.ActiveCfg = Debug|Any CPU
		{34C27F0F-2724-47D6-AEC2-94A25FB7E51B}.Debug|Mixed Platforms.Build.0 = Debug|Any CPU
		{34C27F0F-2724-47D6-AEC2-94A25FB7E51B}.Debug|x86.ActiveCfg = Debug|Any CPU
		{34C27F0F-2724-47D6-AEC2-94A25FB7E51B}.Release|Any CPU.ActiveCfg = Release|Any CPU
		{34C27F0F-2724-47D6-AEC2-94A25FB7E51B}.Release|Any CPU.Build.0 = Release|Any CPU
		{34C27F0F-2724-47D6-AEC2-94A25FB7E51B}.Release|Mixed Platforms.ActiveCfg = Release|Any CPU
		{34C27F0F-2724-47D6-AEC2-94A25FB7E51B}.Release|Mixed Platforms.Build.0 = Release|Any CPU
		{34C27F0F-2724-47D6-AEC2-94A25FB7E51B}.Release|x86.ActiveCfg = Release|Any CPU
		{5A2955E8-3133-4D56-9031-B45C484CDA83}.Debug|Any CPU.ActiveCfg = Debug|Any CPU
		{5A2955E8-3133-4D56-9031-B45C484CDA83}.Debug|Any CPU.Build.0 = Debug|Any CPU
		{5A2955E8-3133-4D56-9031-B45C484CDA83}.Debug|Mixed Platforms.ActiveCfg = Debug|Any CPU
		{5A2955E8-3133-4D56-9031-B45C484CDA83}.Debug|Mixed Platforms.Build.0 = Debug|Any CPU
		{5A2955E8-3133-4D56-9031-B45C484CDA83}.Debug|x86.ActiveCfg = Debug|Any CPU
		{5A2955E8-3133-4D56-9031-B45C484CDA83}.Release|Any CPU.ActiveCfg = Release|Any CPU
		{5A2955E8-3133-4D56-9031-B45C484CDA83}.Release|Any CPU.Build.0 = Release|Any CPU
		{5A2955E8-3133-4D56-9031-B45C484CDA83}.Release|Mixed Platforms.ActiveCfg = Release|Any CPU
		{5A2955E8-3133-4D56-9031-B45C484CDA83}.Release|Mixed Platforms.Build.0 = Release|Any CPU
		{5A2955E8-3133-4D56-9031-B45C484CDA83}.Release|x86.ActiveCfg = Release|Any CPU
		{174562E5-B188-4745-B71E-AAA73915750D}.Debug|Any CPU.ActiveCfg = Debug|Any CPU
		{174562E5-B188-4745-B71E-AAA73915750D}.Debug|Any CPU.Build.0 = Debug|Any CPU
		{174562E5-B188-4745-B71E-AAA73915750D}.Debug|Mixed Platforms.ActiveCfg = Debug|Any CPU
		{174562E5-B188-4745-B71E-AAA73915750D}.Debug|Mixed Platforms.Build.0 = Debug|Any CPU
		{174562E5-B188-4745-B71E-AAA73915750D}.Debug|x86.ActiveCfg = Debug|Any CPU
		{174562E5-B188-4745-B71E-AAA73915750D}.Release|Any CPU.ActiveCfg = Release|Any CPU
		{174562E5-B188-4745-B71E-AAA73915750D}.Release|Any CPU.Build.0 = Release|Any CPU
		{174562E5-B188-4745-B71E-AAA73915750D}.Release|Mixed Platforms.ActiveCfg = Release|Any CPU
		{174562E5-B188-4745-B71E-AAA73915750D}.Release|Mixed Platforms.Build.0 = Release|Any CPU
		{174562E5-B188-4745-B71E-AAA73915750D}.Release|x86.ActiveCfg = Release|Any CPU
		{FC190F67-5311-480D-95C6-648D9AF4FED8}.Debug|Any CPU.ActiveCfg = Debug|Any CPU
		{FC190F67-5311-480D-95C6-648D9AF4FED8}.Debug|Any CPU.Build.0 = Debug|Any CPU
		{FC190F67-5311-480D-95C6-648D9AF4FED8}.Debug|Mixed Platforms.ActiveCfg = Debug|Any CPU
		{FC190F67-5311-480D-95C6-648D9AF4FED8}.Debug|Mixed Platforms.Build.0 = Debug|Any CPU
		{FC190F67-5311-480D-95C6-648D9AF4FED8}.Debug|x86.ActiveCfg = Debug|Any CPU
		{FC190F67-5311-480D-95C6-648D9AF4FED8}.Release|Any CPU.ActiveCfg = Release|Any CPU
		{FC190F67-5311-480D-95C6-648D9AF4FED8}.Release|Any CPU.Build.0 = Release|Any CPU
		{FC190F67-5311-480D-95C6-648D9AF4FED8}.Release|Mixed Platforms.ActiveCfg = Release|Any CPU
		{FC190F67-5311-480D-95C6-648D9AF4FED8}.Release|Mixed Platforms.Build.0 = Release|Any CPU
		{FC190F67-5311-480D-95C6-648D9AF4FED8}.Release|x86.ActiveCfg = Release|Any CPU
		{4777A08C-6A81-472E-B73E-83A6A6D7B86A}.Debug|Any CPU.ActiveCfg = Debug|Any CPU
		{4777A08C-6A81-472E-B73E-83A6A6D7B86A}.Debug|Any CPU.Build.0 = Debug|Any CPU
		{4777A08C-6A81-472E-B73E-83A6A6D7B86A}.Debug|Mixed Platforms.ActiveCfg = Debug|Any CPU
		{4777A08C-6A81-472E-B73E-83A6A6D7B86A}.Debug|Mixed Platforms.Build.0 = Debug|Any CPU
		{4777A08C-6A81-472E-B73E-83A6A6D7B86A}.Debug|x86.ActiveCfg = Debug|Any CPU
		{4777A08C-6A81-472E-B73E-83A6A6D7B86A}.Release|Any CPU.ActiveCfg = Release|Any CPU
		{4777A08C-6A81-472E-B73E-83A6A6D7B86A}.Release|Any CPU.Build.0 = Release|Any CPU
		{4777A08C-6A81-472E-B73E-83A6A6D7B86A}.Release|Mixed Platforms.ActiveCfg = Release|Any CPU
		{4777A08C-6A81-472E-B73E-83A6A6D7B86A}.Release|Mixed Platforms.Build.0 = Release|Any CPU
		{4777A08C-6A81-472E-B73E-83A6A6D7B86A}.Release|x86.ActiveCfg = Release|Any CPU
		{8170FAAD-9F07-4D4F-8B88-34C2466C63CC}.Debug|Any CPU.ActiveCfg = Debug|Any CPU
		{8170FAAD-9F07-4D4F-8B88-34C2466C63CC}.Debug|Any CPU.Build.0 = Debug|Any CPU
		{8170FAAD-9F07-4D4F-8B88-34C2466C63CC}.Debug|Mixed Platforms.ActiveCfg = Debug|Any CPU
		{8170FAAD-9F07-4D4F-8B88-34C2466C63CC}.Debug|Mixed Platforms.Build.0 = Debug|Any CPU
		{8170FAAD-9F07-4D4F-8B88-34C2466C63CC}.Debug|x86.ActiveCfg = Debug|Any CPU
		{8170FAAD-9F07-4D4F-8B88-34C2466C63CC}.Release|Any CPU.ActiveCfg = Release|Any CPU
		{8170FAAD-9F07-4D4F-8B88-34C2466C63CC}.Release|Any CPU.Build.0 = Release|Any CPU
		{8170FAAD-9F07-4D4F-8B88-34C2466C63CC}.Release|Mixed Platforms.ActiveCfg = Release|Any CPU
		{8170FAAD-9F07-4D4F-8B88-34C2466C63CC}.Release|Mixed Platforms.Build.0 = Release|Any CPU
		{8170FAAD-9F07-4D4F-8B88-34C2466C63CC}.Release|x86.ActiveCfg = Release|Any CPU
		{F0AC11F5-1236-40FB-9F7E-0FE2FB1F94FF}.Debug|Any CPU.ActiveCfg = Debug|Any CPU
		{F0AC11F5-1236-40FB-9F7E-0FE2FB1F94FF}.Debug|Any CPU.Build.0 = Debug|Any CPU
		{F0AC11F5-1236-40FB-9F7E-0FE2FB1F94FF}.Debug|Mixed Platforms.ActiveCfg = Debug|Any CPU
		{F0AC11F5-1236-40FB-9F7E-0FE2FB1F94FF}.Debug|Mixed Platforms.Build.0 = Debug|Any CPU
		{F0AC11F5-1236-40FB-9F7E-0FE2FB1F94FF}.Debug|x86.ActiveCfg = Debug|Any CPU
		{F0AC11F5-1236-40FB-9F7E-0FE2FB1F94FF}.Release|Any CPU.ActiveCfg = Release|Any CPU
		{F0AC11F5-1236-40FB-9F7E-0FE2FB1F94FF}.Release|Any CPU.Build.0 = Release|Any CPU
		{F0AC11F5-1236-40FB-9F7E-0FE2FB1F94FF}.Release|Mixed Platforms.ActiveCfg = Release|Any CPU
		{F0AC11F5-1236-40FB-9F7E-0FE2FB1F94FF}.Release|Mixed Platforms.Build.0 = Release|Any CPU
		{F0AC11F5-1236-40FB-9F7E-0FE2FB1F94FF}.Release|x86.ActiveCfg = Release|Any CPU
		{EC051FEF-5F0E-49A2-8E21-A8595D851286}.Debug|Any CPU.ActiveCfg = Debug|x86
		{EC051FEF-5F0E-49A2-8E21-A8595D851286}.Debug|Mixed Platforms.ActiveCfg = Debug|x86
		{EC051FEF-5F0E-49A2-8E21-A8595D851286}.Debug|Mixed Platforms.Build.0 = Debug|x86
		{EC051FEF-5F0E-49A2-8E21-A8595D851286}.Debug|x86.ActiveCfg = Debug|x86
		{EC051FEF-5F0E-49A2-8E21-A8595D851286}.Debug|x86.Build.0 = Debug|x86
		{EC051FEF-5F0E-49A2-8E21-A8595D851286}.Release|Any CPU.ActiveCfg = Release|x86
		{EC051FEF-5F0E-49A2-8E21-A8595D851286}.Release|Mixed Platforms.ActiveCfg = Release|x86
		{EC051FEF-5F0E-49A2-8E21-A8595D851286}.Release|Mixed Platforms.Build.0 = Release|x86
		{EC051FEF-5F0E-49A2-8E21-A8595D851286}.Release|x86.ActiveCfg = Release|x86
		{EC051FEF-5F0E-49A2-8E21-A8595D851286}.Release|x86.Build.0 = Release|x86
	EndGlobalSection
	GlobalSection(SolutionProperties) = preSolution
		HideSolutionNode = FALSE
	EndGlobalSection
EndGlobal
